
Microsoft Visual Studio Solution File, Format Version 12.00
# Visual Studio Version 17
VisualStudioVersion = 17.5.002.0
MinimumVisualStudioVersion = 10.0.40219.1
Project("{9A19103F-16F7-4668-BE54-9A1E7A4F7556}") = "ResourcePlanner", "ResourcePlanner.csproj", "{67EF42DD-4AA8-4210-8193-2A45D1E57CD2}"
EndProject
Global
	GlobalSection(SolutionConfigurationPlatforms) = preSolution
		Debug|Any CPU = Debug|Any CPU
		Release|Any CPU = Release|Any CPU
	EndGlobalSection
	GlobalSection(ProjectConfigurationPlatforms) = postSolution
		{67EF42DD-4AA8-4210-8193-2A45D1E57CD2}.Debug|Any CPU.ActiveCfg = Debug|Any CPU
		{67EF42DD-4AA8-4210-8193-2A45D1E57CD2}.Debug|Any CPU.Build.0 = Debug|Any CPU
		{67EF42DD-4AA8-4210-8193-2A45D1E57CD2}.Release|Any CPU.ActiveCfg = Release|Any CPU
		{67EF42DD-4AA8-4210-8193-2A45D1E57CD2}.Release|Any CPU.Build.0 = Release|Any CPU
	EndGlobalSection
	GlobalSection(SolutionProperties) = preSolution
		HideSolutionNode = FALSE
	EndGlobalSection
	GlobalSection(ExtensibilityGlobals) = postSolution
		SolutionGuid = {33D5EC21-8E33-4D57-9924-50F7C8D8B12F}
	EndGlobalSection
EndGlobal
